// !$*UTF8*$!
{
	archiveVersion = 1;
	classes = {
	};
	objectVersion = 56;
	objects = {

/* Begin PBXBuildFile section */
		FE2D7F9D29F69A8200FB2DAE /* HelloWorldView.swift in Sources */ = {isa = PBXBuildFile; fileRef = FE2D7F9C29F69A8200FB2DAE /* HelloWorldView.swift */; };
		FE62A12029ED8D7E006B0AF6 /* AppDelegate.swift in Sources */ = {isa = PBXBuildFile; fileRef = FE62A11F29ED8D7E006B0AF6 /* AppDelegate.swift */; };
		FE62A12229ED8D7E006B0AF6 /* SceneDelegate.swift in Sources */ = {isa = PBXBuildFile; fileRef = FE62A12129ED8D7E006B0AF6 /* SceneDelegate.swift */; };
		FE62A12429ED8D7E006B0AF6 /* ViewController.swift in Sources */ = {isa = PBXBuildFile; fileRef = FE62A12329ED8D7E006B0AF6 /* ViewController.swift */; };
		FE62A12729ED8D7E006B0AF6 /* Main.storyboard in Resources */ = {isa = PBXBuildFile; fileRef = FE62A12529ED8D7E006B0AF6 /* Main.storyboard */; };
		FE62A12929ED8D7F006B0AF6 /* Assets.xcassets in Resources */ = {isa = PBXBuildFile; fileRef = FE62A12829ED8D7F006B0AF6 /* Assets.xcassets */; };
		FE62A12C29ED8D7F006B0AF6 /* LaunchScreen.storyboard in Resources */ = {isa = PBXBuildFile; fileRef = FE62A12A29ED8D7F006B0AF6 /* LaunchScreen.storyboard */; };
		FE62A13A29ED8FCF006B0AF6 /* ErrorPresenter.swift in Sources */ = {isa = PBXBuildFile; fileRef = FE62A13929ED8FCF006B0AF6 /* ErrorPresenter.swift */; };
		FE7503B929F93D3500FF1E64 /* ScriptMessageHandler.swift in Sources */ = {isa = PBXBuildFile; fileRef = FE7503B829F93D3500FF1E64 /* ScriptMessageHandler.swift */; };
		FE8665F329F97D7400E1FE1A /* TurboNavigator in Frameworks */ = {isa = PBXBuildFile; productRef = FE8665F229F97D7400E1FE1A /* TurboNavigator */; };
/* End PBXBuildFile section */

/* Begin PBXFileReference section */
		FE2D7F9C29F69A8200FB2DAE /* HelloWorldView.swift */ = {isa = PBXFileReference; lastKnownFileType = sourcecode.swift; path = HelloWorldView.swift; sourceTree = "<group>"; };
		FE62A11C29ED8D7E006B0AF6 /* CrmMe_ios.app */ = {isa = PBXFileReference; explicitFileType = wrapper.application; includeInIndex = 0; path = CrmMe_ios.app; sourceTree = BUILT_PRODUCTS_DIR; };
		FE62A11F29ED8D7E006B0AF6 /* AppDelegate.swift */ = {isa = PBXFileReference; lastKnownFileType = sourcecode.swift; path = AppDelegate.swift; sourceTree = "<group>"; };
		FE62A12129ED8D7E006B0AF6 /* SceneDelegate.swift */ = {isa = PBXFileReference; lastKnownFileType = sourcecode.swift; path = SceneDelegate.swift; sourceTree = "<group>"; };
		FE62A12329ED8D7E006B0AF6 /* ViewController.swift */ = {isa = PBXFileReference; lastKnownFileType = sourcecode.swift; path = ViewController.swift; sourceTree = "<group>"; };
		FE62A12629ED8D7E006B0AF6 /* Base */ = {isa = PBXFileReference; lastKnownFileType = file.storyboard; name = Base; path = Base.lproj/Main.storyboard; sourceTree = "<group>"; };
		FE62A12829ED8D7F006B0AF6 /* Assets.xcassets */ = {isa = PBXFileReference; lastKnownFileType = folder.assetcatalog; path = Assets.xcassets; sourceTree = "<group>"; };
		FE62A12B29ED8D7F006B0AF6 /* Base */ = {isa = PBXFileReference; lastKnownFileType = file.storyboard; name = Base; path = Base.lproj/LaunchScreen.storyboard; sourceTree = "<group>"; };
		FE62A12D29ED8D7F006B0AF6 /* Info.plist */ = {isa = PBXFileReference; lastKnownFileType = text.plist.xml; path = Info.plist; sourceTree = "<group>"; };
		FE62A13929ED8FCF006B0AF6 /* ErrorPresenter.swift */ = {isa = PBXFileReference; lastKnownFileType = sourcecode.swift; path = ErrorPresenter.swift; sourceTree = "<group>"; };
		FE7503B829F93D3500FF1E64 /* ScriptMessageHandler.swift */ = {isa = PBXFileReference; lastKnownFileType = sourcecode.swift; path = ScriptMessageHandler.swift; sourceTree = "<group>"; };
/* End PBXFileReference section */

/* Begin PBXFrameworksBuildPhase section */
		FE62A11929ED8D7E006B0AF6 /* Frameworks */ = {
			isa = PBXFrameworksBuildPhase;
			buildActionMask = 2147483647;
			files = (
				FE8665F329F97D7400E1FE1A /* TurboNavigator in Frameworks */,
			);
			runOnlyForDeploymentPostprocessing = 0;
		};
/* End PBXFrameworksBuildPhase section */

/* Begin PBXGroup section */
		FE62A11329ED8D7E006B0AF6 = {
			isa = PBXGroup;
			children = (
				FE62A11E29ED8D7E006B0AF6 /* CrmMe_ios */,
				FE62A11D29ED8D7E006B0AF6 /* Products */,
			);
			sourceTree = "<group>";
		};
		FE62A11D29ED8D7E006B0AF6 /* Products */ = {
			isa = PBXGroup;
			children = (
				FE62A11C29ED8D7E006B0AF6 /* CrmMe_ios.app */,
			);
			name = Products;
			sourceTree = "<group>";
		};
		FE62A11E29ED8D7E006B0AF6 /* CrmMe_ios */ = {
			isa = PBXGroup;
			children = (
				FE62A11F29ED8D7E006B0AF6 /* AppDelegate.swift */,
				FE62A12129ED8D7E006B0AF6 /* SceneDelegate.swift */,
				FE62A12329ED8D7E006B0AF6 /* ViewController.swift */,
				FE62A12529ED8D7E006B0AF6 /* Main.storyboard */,
				FE62A12829ED8D7F006B0AF6 /* Assets.xcassets */,
				FE62A12A29ED8D7F006B0AF6 /* LaunchScreen.storyboard */,
				FE62A12D29ED8D7F006B0AF6 /* Info.plist */,
				FE62A13929ED8FCF006B0AF6 /* ErrorPresenter.swift */,
				FE2D7F9C29F69A8200FB2DAE /* HelloWorldView.swift */,
				FE7503B829F93D3500FF1E64 /* ScriptMessageHandler.swift */,
			);
			path = CrmMe_ios;
			sourceTree = "<group>";
		};
/* End PBXGroup section */

/* Begin PBXNativeTarget section */
		FE62A11B29ED8D7E006B0AF6 /* CrmMe_ios */ = {
			isa = PBXNativeTarget;
			buildConfigurationList = FE62A13029ED8D7F006B0AF6 /* Build configuration list for PBXNativeTarget "CrmMe_ios" */;
			buildPhases = (
				FE62A11829ED8D7E006B0AF6 /* Sources */,
				FE62A11929ED8D7E006B0AF6 /* Frameworks */,
				FE62A11A29ED8D7E006B0AF6 /* Resources */,
			);
			buildRules = (
			);
			dependencies = (
			);
			name = CrmMe_ios;
			packageProductDependencies = (
				FE8665F229F97D7400E1FE1A /* TurboNavigator */,
			);
			productName = CrmMe_ios;
			productReference = FE62A11C29ED8D7E006B0AF6 /* CrmMe_ios.app */;
			productType = "com.apple.product-type.application";
		};
/* End PBXNativeTarget section */

/* Begin PBXProject section */
		FE62A11429ED8D7E006B0AF6 /* Project object */ = {
			isa = PBXProject;
			attributes = {
				BuildIndependentTargetsInParallel = 1;
				LastSwiftUpdateCheck = 1420;
				LastUpgradeCheck = 1420;
				TargetAttributes = {
					FE62A11B29ED8D7E006B0AF6 = {
						CreatedOnToolsVersion = 14.2;
					};
				};
			};
			buildConfigurationList = FE62A11729ED8D7E006B0AF6 /* Build configuration list for PBXProject "CrmMe_ios" */;
			compatibilityVersion = "Xcode 14.0";
			developmentRegion = en;
			hasScannedForEncodings = 0;
			knownRegions = (
				en,
				Base,
			);
			mainGroup = FE62A11329ED8D7E006B0AF6;
			packageReferences = (
				FE8665F129F97D7400E1FE1A /* XCRemoteSwiftPackageReference "TurboNavigator" */,
			);
			productRefGroup = FE62A11D29ED8D7E006B0AF6 /* Products */;
			projectDirPath = "";
			projectRoot = "";
			targets = (
				FE62A11B29ED8D7E006B0AF6 /* CrmMe_ios */,
			);
		};
/* End PBXProject section */

/* Begin PBXResourcesBuildPhase section */
		FE62A11A29ED8D7E006B0AF6 /* Resources */ = {
			isa = PBXResourcesBuildPhase;
			buildActionMask = 2147483647;
			files = (
				FE62A12C29ED8D7F006B0AF6 /* LaunchScreen.storyboard in Resources */,
				FE62A12929ED8D7F006B0AF6 /* Assets.xcassets in Resources */,
				FE62A12729ED8D7E006B0AF6 /* Main.storyboard in Resources */,
			);
			runOnlyForDeploymentPostprocessing = 0;
		};
/* End PBXResourcesBuildPhase section */

/* Begin PBXSourcesBuildPhase section */
		FE62A11829ED8D7E006B0AF6 /* Sources */ = {
			isa = PBXSourcesBuildPhase;
			buildActionMask = 2147483647;
			files = (
				FE62A12429ED8D7E006B0AF6 /* ViewController.swift in Sources */,
				FE2D7F9D29F69A8200FB2DAE /* HelloWorldView.swift in Sources */,
				FE62A13A29ED8FCF006B0AF6 /* ErrorPresenter.swift in Sources */,
				FE7503B929F93D3500FF1E64 /* ScriptMessageHandler.swift in Sources */,
				FE62A12029ED8D7E006B0AF6 /* AppDelegate.swift in Sources */,
				FE62A12229ED8D7E006B0AF6 /* SceneDelegate.swift in Sources */,
			);
			runOnlyForDeploymentPostprocessing = 0;
		};
/* End PBXSourcesBuildPhase section */

/* Begin PBXVariantGroup section */
		FE62A12529ED8D7E006B0AF6 /* Main.storyboard */ = {
			isa = PBXVariantGroup;
			children = (
				FE62A12629ED8D7E006B0AF6 /* Base */,
			);
			name = Main.storyboard;
			sourceTree = "<group>";
		};
		FE62A12A29ED8D7F006B0AF6 /* LaunchScreen.storyboard */ = {
			isa = PBXVariantGroup;
			children = (
				FE62A12B29ED8D7F006B0AF6 /* Base */,
			);
			name = LaunchScreen.storyboard;
			sourceTree = "<group>";
		};
/* End PBXVariantGroup section */

/* Begin XCBuildConfiguration section */
		FE62A12E29ED8D7F006B0AF6 /* Debug */ = {
			isa = XCBuildConfiguration;
			buildSettings = {
				ALWAYS_SEARCH_USER_PATHS = NO;
				CLANG_ANALYZER_NONNULL = YES;
				CLANG_ANALYZER_NUMBER_OBJECT_CONVERSION = YES_AGGRESSIVE;
				CLANG_CXX_LANGUAGE_STANDARD = "gnu++20";
				CLANG_ENABLE_MODULES = YES;
				CLANG_ENABLE_OBJC_ARC = YES;
				CLANG_ENABLE_OBJC_WEAK = YES;
				CLANG_WARN_BLOCK_CAPTURE_AUTORELEASING = YES;
				CLANG_WARN_BOOL_CONVERSION = YES;
				CLANG_WARN_COMMA = YES;
				CLANG_WARN_CONSTANT_CONVERSION = YES;
				CLANG_WARN_DEPRECATED_OBJC_IMPLEMENTATIONS = YES;
				CLANG_WARN_DIRECT_OBJC_ISA_USAGE = YES_ERROR;
				CLANG_WARN_DOCUMENTATION_COMMENTS = YES;
				CLANG_WARN_EMPTY_BODY = YES;
				CLANG_WARN_ENUM_CONVERSION = YES;
				CLANG_WARN_INFINITE_RECURSION = YES;
				CLANG_WARN_INT_CONVERSION = YES;
				CLANG_WARN_NON_LITERAL_NULL_CONVERSION = YES;
				CLANG_WARN_OBJC_IMPLICIT_RETAIN_SELF = YES;
				CLANG_WARN_OBJC_LITERAL_CONVERSION = YES;
				CLANG_WARN_OBJC_ROOT_CLASS = YES_ERROR;
				CLANG_WARN_QUOTED_INCLUDE_IN_FRAMEWORK_HEADER = YES;
				CLANG_WARN_RANGE_LOOP_ANALYSIS = YES;
				CLANG_WARN_STRICT_PROTOTYPES = YES;
				CLANG_WARN_SUSPICIOUS_MOVE = YES;
				CLANG_WARN_UNGUARDED_AVAILABILITY = YES_AGGRESSIVE;
				CLANG_WARN_UNREACHABLE_CODE = YES;
				CLANG_WARN__DUPLICATE_METHOD_MATCH = YES;
				COPY_PHASE_STRIP = NO;
				DEBUG_INFORMATION_FORMAT = dwarf;
				ENABLE_STRICT_OBJC_MSGSEND = YES;
				ENABLE_TESTABILITY = YES;
				GCC_C_LANGUAGE_STANDARD = gnu11;
				GCC_DYNAMIC_NO_PIC = NO;
				GCC_NO_COMMON_BLOCKS = YES;
				GCC_OPTIMIZATION_LEVEL = 0;
				GCC_PREPROCESSOR_DEFINITIONS = (
					"DEBUG=1",
					"$(inherited)",
				);
				GCC_WARN_64_TO_32_BIT_CONVERSION = YES;
				GCC_WARN_ABOUT_RETURN_TYPE = YES_ERROR;
				GCC_WARN_UNDECLARED_SELECTOR = YES;
				GCC_WARN_UNINITIALIZED_AUTOS = YES_AGGRESSIVE;
				GCC_WARN_UNUSED_FUNCTION = YES;
				GCC_WARN_UNUSED_VARIABLE = YES;
				IPHONEOS_DEPLOYMENT_TARGET = 16.2;
				MTL_ENABLE_DEBUG_INFO = INCLUDE_SOURCE;
				MTL_FAST_MATH = YES;
				ONLY_ACTIVE_ARCH = YES;
				SDKROOT = iphoneos;
				SWIFT_ACTIVE_COMPILATION_CONDITIONS = DEBUG;
				SWIFT_OPTIMIZATION_LEVEL = "-Onone";
			};
			name = Debug;
		};
		FE62A12F29ED8D7F006B0AF6 /* Release */ = {
			isa = XCBuildConfiguration;
			buildSettings = {
				ALWAYS_SEARCH_USER_PATHS = NO;
				CLANG_ANALYZER_NONNULL = YES;
				CLANG_ANALYZER_NUMBER_OBJECT_CONVERSION = YES_AGGRESSIVE;
				CLANG_CXX_LANGUAGE_STANDARD = "gnu++20";
				CLANG_ENABLE_MODULES = YES;
				CLANG_ENABLE_OBJC_ARC = YES;
				CLANG_ENABLE_OBJC_WEAK = YES;
				CLANG_WARN_BLOCK_CAPTURE_AUTORELEASING = YES;
				CLANG_WARN_BOOL_CONVERSION = YES;
				CLANG_WARN_COMMA = YES;
				CLANG_WARN_CONSTANT_CONVERSION = YES;
				CLANG_WARN_DEPRECATED_OBJC_IMPLEMENTATIONS = YES;
				CLANG_WARN_DIRECT_OBJC_ISA_USAGE = YES_ERROR;
				CLANG_WARN_DOCUMENTATION_COMMENTS = YES;
				CLANG_WARN_EMPTY_BODY = YES;
				CLANG_WARN_ENUM_CONVERSION = YES;
				CLANG_WARN_INFINITE_RECURSION = YES;
				CLANG_WARN_INT_CONVERSION = YES;
				CLANG_WARN_NON_LITERAL_NULL_CONVERSION = YES;
				CLANG_WARN_OBJC_IMPLICIT_RETAIN_SELF = YES;
				CLANG_WARN_OBJC_LITERAL_CONVERSION = YES;
				CLANG_WARN_OBJC_ROOT_CLASS = YES_ERROR;
				CLANG_WARN_QUOTED_INCLUDE_IN_FRAMEWORK_HEADER = YES;
				CLANG_WARN_RANGE_LOOP_ANALYSIS = YES;
				CLANG_WARN_STRICT_PROTOTYPES = YES;
				CLANG_WARN_SUSPICIOUS_MOVE = YES;
				CLANG_WARN_UNGUARDED_AVAILABILITY = YES_AGGRESSIVE;
				CLANG_WARN_UNREACHABLE_CODE = YES;
				CLANG_WARN__DUPLICATE_METHOD_MATCH = YES;
				COPY_PHASE_STRIP = NO;
				DEBUG_INFORMATION_FORMAT = "dwarf-with-dsym";
				ENABLE_NS_ASSERTIONS = NO;
				ENABLE_STRICT_OBJC_MSGSEND = YES;
				GCC_C_LANGUAGE_STANDARD = gnu11;
				GCC_NO_COMMON_BLOCKS = YES;
				GCC_WARN_64_TO_32_BIT_CONVERSION = YES;
				GCC_WARN_ABOUT_RETURN_TYPE = YES_ERROR;
				GCC_WARN_UNDECLARED_SELECTOR = YES;
				GCC_WARN_UNINITIALIZED_AUTOS = YES_AGGRESSIVE;
				GCC_WARN_UNUSED_FUNCTION = YES;
				GCC_WARN_UNUSED_VARIABLE = YES;
				IPHONEOS_DEPLOYMENT_TARGET = 16.2;
				MTL_ENABLE_DEBUG_INFO = NO;
				MTL_FAST_MATH = YES;
				SDKROOT = iphoneos;
				SWIFT_COMPILATION_MODE = wholemodule;
				SWIFT_OPTIMIZATION_LEVEL = "-O";
				VALIDATE_PRODUCT = YES;
			};
			name = Release;
		};
		FE62A13129ED8D7F006B0AF6 /* Debug */ = {
			isa = XCBuildConfiguration;
			buildSettings = {
				ASSETCATALOG_COMPILER_APPICON_NAME = AppIcon;
				ASSETCATALOG_COMPILER_GLOBAL_ACCENT_COLOR_NAME = AccentColor;
				CODE_SIGN_STYLE = Automatic;
				CURRENT_PROJECT_VERSION = 1;
				DEVELOPMENT_TEAM = Z48N4YUHBF;
				GENERATE_INFOPLIST_FILE = YES;
				INFOPLIST_FILE = CrmMe_ios/Info.plist;
				INFOPLIST_KEY_UIApplicationSupportsIndirectInputEvents = YES;
				INFOPLIST_KEY_UILaunchStoryboardName = LaunchScreen;
				INFOPLIST_KEY_UIMainStoryboardFile = Main;
				INFOPLIST_KEY_UISupportedInterfaceOrientations_iPad = "UIInterfaceOrientationPortrait UIInterfaceOrientationPortraitUpsideDown UIInterfaceOrientationLandscapeLeft UIInterfaceOrientationLandscapeRight";
				INFOPLIST_KEY_UISupportedInterfaceOrientations_iPhone = "UIInterfaceOrientationPortrait UIInterfaceOrientationLandscapeLeft UIInterfaceOrientationLandscapeRight";
				LD_RUNPATH_SEARCH_PATHS = (
					"$(inherited)",
					"@executable_path/Frameworks",
				);
				MARKETING_VERSION = 1.0;
				PRODUCT_BUNDLE_IDENTIFIER = "com.helmethead.ie.CrmMe-ios";
				PRODUCT_NAME = "$(TARGET_NAME)";
				SWIFT_EMIT_LOC_STRINGS = YES;
				SWIFT_VERSION = 5.0;
				TARGETED_DEVICE_FAMILY = "1,2";
			};
			name = Debug;
		};
		FE62A13229ED8D7F006B0AF6 /* Release */ = {
			isa = XCBuildConfiguration;
			buildSettings = {
				ASSETCATALOG_COMPILER_APPICON_NAME = AppIcon;
				ASSETCATALOG_COMPILER_GLOBAL_ACCENT_COLOR_NAME = AccentColor;
				CODE_SIGN_STYLE = Automatic;
				CURRENT_PROJECT_VERSION = 1;
				DEVELOPMENT_TEAM = Z48N4YUHBF;
				GENERATE_INFOPLIST_FILE = YES;
				INFOPLIST_FILE = CrmMe_ios/Info.plist;
				INFOPLIST_KEY_UIApplicationSupportsIndirectInputEvents = YES;
				INFOPLIST_KEY_UILaunchStoryboardName = LaunchScreen;
				INFOPLIST_KEY_UIMainStoryboardFile = Main;
				INFOPLIST_KEY_UISupportedInterfaceOrientations_iPad = "UIInterfaceOrientationPortrait UIInterfaceOrientationPortraitUpsideDown UIInterfaceOrientationLandscapeLeft UIInterfaceOrientationLandscapeRight";
				INFOPLIST_KEY_UISupportedInterfaceOrientations_iPhone = "UIInterfaceOrientationPortrait UIInterfaceOrientationLandscapeLeft UIInterfaceOrientationLandscapeRight";
				LD_RUNPATH_SEARCH_PATHS = (
					"$(inherited)",
					"@executable_path/Frameworks",
				);
				MARKETING_VERSION = 1.0;
				PRODUCT_BUNDLE_IDENTIFIER = "com.helmethead.ie.CrmMe-ios";
				PRODUCT_NAME = "$(TARGET_NAME)";
				SWIFT_EMIT_LOC_STRINGS = YES;
				SWIFT_VERSION = 5.0;
				TARGETED_DEVICE_FAMILY = "1,2";
			};
			name = Release;
		};
/* End XCBuildConfiguration section */

/* Begin XCConfigurationList section */
		FE62A11729ED8D7E006B0AF6 /* Build configuration list for PBXProject "CrmMe_ios" */ = {
			isa = XCConfigurationList;
			buildConfigurations = (
				FE62A12E29ED8D7F006B0AF6 /* Debug */,
				FE62A12F29ED8D7F006B0AF6 /* Release */,
			);
			defaultConfigurationIsVisible = 0;
			defaultConfigurationName = Release;
		};
		FE62A13029ED8D7F006B0AF6 /* Build configuration list for PBXNativeTarget "CrmMe_ios" */ = {
			isa = XCConfigurationList;
			buildConfigurations = (
				FE62A13129ED8D7F006B0AF6 /* Debug */,
				FE62A13229ED8D7F006B0AF6 /* Release */,
			);
			defaultConfigurationIsVisible = 0;
			defaultConfigurationName = Release;
		};
/* End XCConfigurationList section */

/* Begin XCRemoteSwiftPackageReference section */
		FE8665F129F97D7400E1FE1A /* XCRemoteSwiftPackageReference "TurboNavigator" */ = {
			isa = XCRemoteSwiftPackageReference;
			repositoryURL = "https://github.com/williamkennedy/TurboNavigator";
			requirement = {
				kind = revision;
				revision = 2cd4596dc6066d2fa50d1c98c4b7595c9be053d9;
			};
		};
/* End XCRemoteSwiftPackageReference section */

/* Begin XCSwiftPackageProductDependency section */
		FE8665F229F97D7400E1FE1A /* TurboNavigator */ = {
			isa = XCSwiftPackageProductDependency;
			package = FE8665F129F97D7400E1FE1A /* XCRemoteSwiftPackageReference "TurboNavigator" */;
			productName = TurboNavigator;
		};
/* End XCSwiftPackageProductDependency section */
	};
	rootObject = FE62A11429ED8D7E006B0AF6 /* Project object */;
}
